# THIS IS AN AUTOGENERATED FILE. DO NOT EDIT THIS FILE DIRECTLY.
# yarn lockfile v1


"@mcschema/core@^0.12.0":
  version "0.12.4"
  resolved "https://registry.yarnpkg.com/@mcschema/core/-/core-0.12.4.tgz#225534a76d0234e8144ecdd8858101ccdccff359"
  integrity sha512-EH3by4EIRne3UCeARIrG6DqbY9FXNPiiA1eKtIRy2zfseLNosZgK0xwSC6piaFG96PqBKLFvGvGNlwi8AjF/jQ==

"@mcschema/java-1.16@^0.6.4":
  version "0.6.4"
  resolved "https://registry.yarnpkg.com/@mcschema/java-1.16/-/java-1.16-0.6.4.tgz#8f3bda5bf5b0a5127d7dbd2a1b522487e1fb6c7f"
  integrity sha512-8s7GfqREHau2JokROYMqR2PrreweWAHNEaK/Wto5P0v7pUHV1KcO48/7TXTogUOqzWYgk9CzjwU1V8/MtN7tnQ==
  dependencies:
    "@mcschema/core" "^0.12.0"

"@mcschema/locales@^0.1.20":
  version "0.1.20"
  resolved "https://registry.yarnpkg.com/@mcschema/locales/-/locales-0.1.20.tgz#6f671d5f2319617ff69a3c42b9d4e4f15c7fe9b9"
  integrity sha512-PqsmtckOmWKN3fco0Ydp0F67FsNFOvGNJKlx9dvS0LRXzH1Yvxpt14UdhOQssUQGIBUHW4GAlMwRtrlzh+uVHg==
